// !$*UTF8*$!
{
	archiveVersion = 1;
	classes = {
	};
	objectVersion = 56;
	objects = {

/* Begin PBXBuildFile section */
		5110BB0829FFFDBF00ACE258 /* NWApp.swift in Sources */ = {isa = PBXBuildFile; fileRef = 5110BB0729FFFDBF00ACE258 /* NWApp.swift */; };
		5110BB0A29FFFDBF00ACE258 /* ContentView.swift in Sources */ = {isa = PBXBuildFile; fileRef = 5110BB0929FFFDBF00ACE258 /* ContentView.swift */; };
		5110BB0C29FFFDC100ACE258 /* Assets.xcassets in Resources */ = {isa = PBXBuildFile; fileRef = 5110BB0B29FFFDC100ACE258 /* Assets.xcassets */; };
		5110BB1029FFFDC100ACE258 /* Preview Assets.xcassets in Resources */ = {isa = PBXBuildFile; fileRef = 5110BB0F29FFFDC100ACE258 /* Preview Assets.xcassets */; };
		5110BB1A29FFFDC100ACE258 /* NWTests.swift in Sources */ = {isa = PBXBuildFile; fileRef = 5110BB1929FFFDC100ACE258 /* NWTests.swift */; };
		5110BB2429FFFDC100ACE258 /* NWUITests.swift in Sources */ = {isa = PBXBuildFile; fileRef = 5110BB2329FFFDC100ACE258 /* NWUITests.swift */; };
		5110BB2629FFFDC100ACE258 /* NWUITestsLaunchTests.swift in Sources */ = {isa = PBXBuildFile; fileRef = 5110BB2529FFFDC100ACE258 /* NWUITestsLaunchTests.swift */; };
/* End PBXBuildFile section */

/* Begin PBXContainerItemProxy section */
		5110BB1629FFFDC100ACE258 /* PBXContainerItemProxy */ = {
			isa = PBXContainerItemProxy;
			containerPortal = 5110BAFC29FFFDBF00ACE258 /* Project object */;
			proxyType = 1;
			remoteGlobalIDString = 5110BB0329FFFDBF00ACE258;
			remoteInfo = NW;
		};
		5110BB2029FFFDC100ACE258 /* PBXContainerItemProxy */ = {
			isa = PBXContainerItemProxy;
			containerPortal = 5110BAFC29FFFDBF00ACE258 /* Project object */;
			proxyType = 1;
			remoteGlobalIDString = 5110BB0329FFFDBF00ACE258;
			remoteInfo = NW;
		};
/* End PBXContainerItemProxy section */

/* Begin PBXFileReference section */
		5110BB0429FFFDBF00ACE258 /* NW.app */ = {isa = PBXFileReference; explicitFileType = wrapper.application; includeInIndex = 0; path = NW.app; sourceTree = BUILT_PRODUCTS_DIR; };
		5110BB0729FFFDBF00ACE258 /* NWApp.swift */ = {isa = PBXFileReference; lastKnownFileType = sourcecode.swift; path = NWApp.swift; sourceTree = "<group>"; };
		5110BB0929FFFDBF00ACE258 /* ContentView.swift */ = {isa = PBXFileReference; lastKnownFileType = sourcecode.swift; path = ContentView.swift; sourceTree = "<group>"; };
		5110BB0B29FFFDC100ACE258 /* Assets.xcassets */ = {isa = PBXFileReference; lastKnownFileType = folder.assetcatalog; path = Assets.xcassets; sourceTree = "<group>"; };
		5110BB0D29FFFDC100ACE258 /* NW.entitlements */ = {isa = PBXFileReference; lastKnownFileType = text.plist.entitlements; path = NW.entitlements; sourceTree = "<group>"; };
		5110BB0F29FFFDC100ACE258 /* Preview Assets.xcassets */ = {isa = PBXFileReference; lastKnownFileType = folder.assetcatalog; path = "Preview Assets.xcassets"; sourceTree = "<group>"; };
		5110BB1529FFFDC100ACE258 /* NWTests.xctest */ = {isa = PBXFileReference; explicitFileType = wrapper.cfbundle; includeInIndex = 0; path = NWTests.xctest; sourceTree = BUILT_PRODUCTS_DIR; };
		5110BB1929FFFDC100ACE258 /* NWTests.swift */ = {isa = PBXFileReference; lastKnownFileType = sourcecode.swift; path = NWTests.swift; sourceTree = "<group>"; };
		5110BB1F29FFFDC100ACE258 /* NWUITests.xctest */ = {isa = PBXFileReference; explicitFileType = wrapper.cfbundle; includeInIndex = 0; path = NWUITests.xctest; sourceTree = BUILT_PRODUCTS_DIR; };
		5110BB2329FFFDC100ACE258 /* NWUITests.swift */ = {isa = PBXFileReference; lastKnownFileType = sourcecode.swift; path = NWUITests.swift; sourceTree = "<group>"; };
		5110BB2529FFFDC100ACE258 /* NWUITestsLaunchTests.swift */ = {isa = PBXFileReference; lastKnownFileType = sourcecode.swift; path = NWUITestsLaunchTests.swift; sourceTree = "<group>"; };
/* End PBXFileReference section */

/* Begin PBXFrameworksBuildPhase section */
		5110BB0129FFFDBF00ACE258 /* Frameworks */ = {
			isa = PBXFrameworksBuildPhase;
			buildActionMask = 2147483647;
			files = (
			);
			runOnlyForDeploymentPostprocessing = 0;
		};
		5110BB1229FFFDC100ACE258 /* Frameworks */ = {
			isa = PBXFrameworksBuildPhase;
			buildActionMask = 2147483647;
			files = (
			);
			runOnlyForDeploymentPostprocessing = 0;
		};
		5110BB1C29FFFDC100ACE258 /* Frameworks */ = {
			isa = PBXFrameworksBuildPhase;
			buildActionMask = 2147483647;
			files = (
			);
			runOnlyForDeploymentPostprocessing = 0;
		};
/* End PBXFrameworksBuildPhase section */

/* Begin PBXGroup section */
		5110BAFB29FFFDBF00ACE258 = {
			isa = PBXGroup;
			children = (
				5110BB0629FFFDBF00ACE258 /* NW */,
				5110BB1829FFFDC100ACE258 /* NWTests */,
				5110BB2229FFFDC100ACE258 /* NWUITests */,
				5110BB0529FFFDBF00ACE258 /* Products */,
			);
			sourceTree = "<group>";
		};
		5110BB0529FFFDBF00ACE258 /* Products */ = {
			isa = PBXGroup;
			children = (
				5110BB0429FFFDBF00ACE258 /* NW.app */,
				5110BB1529FFFDC100ACE258 /* NWTests.xctest */,
				5110BB1F29FFFDC100ACE258 /* NWUITests.xctest */,
			);
			name = Products;
			sourceTree = "<group>";
		};
		5110BB0629FFFDBF00ACE258 /* NW */ = {
			isa = PBXGroup;
			children = (
				5110BB0729FFFDBF00ACE258 /* NWApp.swift */,
				5110BB0929FFFDBF00ACE258 /* ContentView.swift */,
				5110BB0B29FFFDC100ACE258 /* Assets.xcassets */,
				5110BB0D29FFFDC100ACE258 /* NW.entitlements */,
				5110BB0E29FFFDC100ACE258 /* Preview Content */,
			);
			path = NW;
			sourceTree = "<group>";
		};
		5110BB0E29FFFDC100ACE258 /* Preview Content */ = {
			isa = PBXGroup;
			children = (
				5110BB0F29FFFDC100ACE258 /* Preview Assets.xcassets */,
			);
			path = "Preview Content";
			sourceTree = "<group>";
		};
		5110BB1829FFFDC100ACE258 /* NWTests */ = {
			isa = PBXGroup;
			children = (
				5110BB1929FFFDC100ACE258 /* NWTests.swift */,
			);
			path = NWTests;
			sourceTree = "<group>";
		};
		5110BB2229FFFDC100ACE258 /* NWUITests */ = {
			isa = PBXGroup;
			children = (
				5110BB2329FFFDC100ACE258 /* NWUITests.swift */,
				5110BB2529FFFDC100ACE258 /* NWUITestsLaunchTests.swift */,
			);
			path = NWUITests;
			sourceTree = "<group>";
		};
/* End PBXGroup section */

/* Begin PBXNativeTarget section */
		5110BB0329FFFDBF00ACE258 /* NW */ = {
			isa = PBXNativeTarget;
			buildConfigurationList = 5110BB2929FFFDC100ACE258 /* Build configuration list for PBXNativeTarget "NW" */;
			buildPhases = (
				5110BB0029FFFDBF00ACE258 /* Sources */,
				5110BB0129FFFDBF00ACE258 /* Frameworks */,
				5110BB0229FFFDBF00ACE258 /* Resources */,
			);
			buildRules = (
			);
			dependencies = (
			);
			name = NW;
			productName = NW;
			productReference = 5110BB0429FFFDBF00ACE258 /* NW.app */;
			productType = "com.apple.product-type.application";
		};
		5110BB1429FFFDC100ACE258 /* NWTests */ = {
			isa = PBXNativeTarget;
			buildConfigurationList = 5110BB2C29FFFDC100ACE258 /* Build configuration list for PBXNativeTarget "NWTests" */;
			buildPhases = (
				5110BB1129FFFDC100ACE258 /* Sources */,
				5110BB1229FFFDC100ACE258 /* Frameworks */,
				5110BB1329FFFDC100ACE258 /* Resources */,
			);
			buildRules = (
			);
			dependencies = (
				5110BB1729FFFDC100ACE258 /* PBXTargetDependency */,
			);
			name = NWTests;
			productName = NWTests;
			productReference = 5110BB1529FFFDC100ACE258 /* NWTests.xctest */;
			productType = "com.apple.product-type.bundle.unit-test";
		};
		5110BB1E29FFFDC100ACE258 /* NWUITests */ = {
			isa = PBXNativeTarget;
			buildConfigurationList = 5110BB2F29FFFDC100ACE258 /* Build configuration list for PBXNativeTarget "NWUITests" */;
			buildPhases = (
				5110BB1B29FFFDC100ACE258 /* Sources */,
				5110BB1C29FFFDC100ACE258 /* Frameworks */,
				5110BB1D29FFFDC100ACE258 /* Resources */,
			);
			buildRules = (
			);
			dependencies = (
				5110BB2129FFFDC100ACE258 /* PBXTargetDependency */,
			);
			name = NWUITests;
			productName = NWUITests;
			productReference = 5110BB1F29FFFDC100ACE258 /* NWUITests.xctest */;
			productType = "com.apple.product-type.bundle.ui-testing";
		};
/* End PBXNativeTarget section */

/* Begin PBXProject section */
		5110BAFC29FFFDBF00ACE258 /* Project object */ = {
			isa = PBXProject;
			attributes = {
				BuildIndependentTargetsInParallel = 1;
				LastSwiftUpdateCheck = 1430;
				LastUpgradeCheck = 1430;
				TargetAttributes = {
					5110BB0329FFFDBF00ACE258 = {
						CreatedOnToolsVersion = 14.3;
					};
					5110BB1429FFFDC100ACE258 = {
						CreatedOnToolsVersion = 14.3;
						TestTargetID = 5110BB0329FFFDBF00ACE258;
					};
					5110BB1E29FFFDC100ACE258 = {
						CreatedOnToolsVersion = 14.3;
						TestTargetID = 5110BB0329FFFDBF00ACE258;
					};
				};
			};
			buildConfigurationList = 5110BAFF29FFFDBF00ACE258 /* Build configuration list for PBXProject "NW" */;
			compatibilityVersion = "Xcode 14.0";
			developmentRegion = en;
			hasScannedForEncodings = 0;
			knownRegions = (
				en,
				Base,
			);
			mainGroup = 5110BAFB29FFFDBF00ACE258;
			productRefGroup = 5110BB0529FFFDBF00ACE258 /* Products */;
			projectDirPath = "";
			projectRoot = "";
			targets = (
				5110BB0329FFFDBF00ACE258 /* NW */,
				5110BB1429FFFDC100ACE258 /* NWTests */,
				5110BB1E29FFFDC100ACE258 /* NWUITests */,
			);
		};
/* End PBXProject section */

/* Begin PBXResourcesBuildPhase section */
		5110BB0229FFFDBF00ACE258 /* Resources */ = {
			isa = PBXResourcesBuildPhase;
			buildActionMask = 2147483647;
			files = (
				5110BB1029FFFDC100ACE258 /* Preview Assets.xcassets in Resources */,
				5110BB0C29FFFDC100ACE258 /* Assets.xcassets in Resources */,
			);
			runOnlyForDeploymentPostprocessing = 0;
		};
		5110BB1329FFFDC100ACE258 /* Resources */ = {
			isa = PBXResourcesBuildPhase;
			buildActionMask = 2147483647;
			files = (
			);
			runOnlyForDeploymentPostprocessing = 0;
		};
		5110BB1D29FFFDC100ACE258 /* Resources */ = {
			isa = PBXResourcesBuildPhase;
			buildActionMask = 2147483647;
			files = (
			);
			runOnlyForDeploymentPostprocessing = 0;
		};
/* End PBXResourcesBuildPhase section */

/* Begin PBXSourcesBuildPhase section */
		5110BB0029FFFDBF00ACE258 /* Sources */ = {
			isa = PBXSourcesBuildPhase;
			buildActionMask = 2147483647;
			files = (
				5110BB0A29FFFDBF00ACE258 /* ContentView.swift in Sources */,
				5110BB0829FFFDBF00ACE258 /* NWApp.swift in Sources */,
			);
			runOnlyForDeploymentPostprocessing = 0;
		};
		5110BB1129FFFDC100ACE258 /* Sources */ = {
			isa = PBXSourcesBuildPhase;
			buildActionMask = 2147483647;
			files = (
				5110BB1A29FFFDC100ACE258 /* NWTests.swift in Sources */,
			);
			runOnlyForDeploymentPostprocessing = 0;
		};
		5110BB1B29FFFDC100ACE258 /* Sources */ = {
			isa = PBXSourcesBuildPhase;
			buildActionMask = 2147483647;
			files = (
				5110BB2429FFFDC100ACE258 /* NWUITests.swift in Sources */,
				5110BB2629FFFDC100ACE258 /* NWUITestsLaunchTests.swift in Sources */,
			);
			runOnlyForDeploymentPostprocessing = 0;
		};
/* End PBXSourcesBuildPhase section */

/* Begin PBXTargetDependency section */
		5110BB1729FFFDC100ACE258 /* PBXTargetDependency */ = {
			isa = PBXTargetDependency;
			target = 5110BB0329FFFDBF00ACE258 /* NW */;
			targetProxy = 5110BB1629FFFDC100ACE258 /* PBXContainerItemProxy */;
		};
		5110BB2129FFFDC100ACE258 /* PBXTargetDependency */ = {
			isa = PBXTargetDependency;
			target = 5110BB0329FFFDBF00ACE258 /* NW */;
			targetProxy = 5110BB2029FFFDC100ACE258 /* PBXContainerItemProxy */;
		};
/* End PBXTargetDependency section */

/* Begin XCBuildConfiguration section */
		5110BB2729FFFDC100ACE258 /* Debug */ = {
			isa = XCBuildConfiguration;
			buildSettings = {
				ALWAYS_SEARCH_USER_PATHS = NO;
				CLANG_ANALYZER_NONNULL = YES;
				CLANG_ANALYZER_NUMBER_OBJECT_CONVERSION = YES_AGGRESSIVE;
				CLANG_CXX_LANGUAGE_STANDARD = "gnu++20";
				CLANG_ENABLE_MODULES = YES;
				CLANG_ENABLE_OBJC_ARC = YES;
				CLANG_ENABLE_OBJC_WEAK = YES;
				CLANG_WARN_BLOCK_CAPTURE_AUTORELEASING = YES;
				CLANG_WARN_BOOL_CONVERSION = YES;
				CLANG_WARN_COMMA = YES;
				CLANG_WARN_CONSTANT_CONVERSION = YES;
				CLANG_WARN_DEPRECATED_OBJC_IMPLEMENTATIONS = YES;
				CLANG_WARN_DIRECT_OBJC_ISA_USAGE = YES_ERROR;
				CLANG_WARN_DOCUMENTATION_COMMENTS = YES;
				CLANG_WARN_EMPTY_BODY = YES;
				CLANG_WARN_ENUM_CONVERSION = YES;
				CLANG_WARN_INFINITE_RECURSION = YES;
				CLANG_WARN_INT_CONVERSION = YES;
				CLANG_WARN_NON_LITERAL_NULL_CONVERSION = YES;
				CLANG_WARN_OBJC_IMPLICIT_RETAIN_SELF = YES;
				CLANG_WARN_OBJC_LITERAL_CONVERSION = YES;
				CLANG_WARN_OBJC_ROOT_CLASS = YES_ERROR;
				CLANG_WARN_QUOTED_INCLUDE_IN_FRAMEWORK_HEADER = YES;
				CLANG_WARN_RANGE_LOOP_ANALYSIS = YES;
				CLANG_WARN_STRICT_PROTOTYPES = YES;
				CLANG_WARN_SUSPICIOUS_MOVE = YES;
				CLANG_WARN_UNGUARDED_AVAILABILITY = YES_AGGRESSIVE;
				CLANG_WARN_UNREACHABLE_CODE = YES;
				CLANG_WARN__DUPLICATE_METHOD_MATCH = YES;
				COPY_PHASE_STRIP = NO;
				DEBUG_INFORMATION_FORMAT = dwarf;
				ENABLE_STRICT_OBJC_MSGSEND = YES;
				ENABLE_TESTABILITY = YES;
				GCC_C_LANGUAGE_STANDARD = gnu11;
				GCC_DYNAMIC_NO_PIC = NO;
				GCC_NO_COMMON_BLOCKS = YES;
				GCC_OPTIMIZATION_LEVEL = 0;
				GCC_PREPROCESSOR_DEFINITIONS = (
					"DEBUG=1",
					"$(inherited)",
				);
				GCC_WARN_64_TO_32_BIT_CONVERSION = YES;
				GCC_WARN_ABOUT_RETURN_TYPE = YES_ERROR;
				GCC_WARN_UNDECLARED_SELECTOR = YES;
				GCC_WARN_UNINITIALIZED_AUTOS = YES_AGGRESSIVE;
				GCC_WARN_UNUSED_FUNCTION = YES;
				GCC_WARN_UNUSED_VARIABLE = YES;
				MTL_ENABLE_DEBUG_INFO = INCLUDE_SOURCE;
				MTL_FAST_MATH = YES;
				ONLY_ACTIVE_ARCH = YES;
				SWIFT_ACTIVE_COMPILATION_CONDITIONS = DEBUG;
				SWIFT_OPTIMIZATION_LEVEL = "-Onone";
			};
			name = Debug;
		};
		5110BB2829FFFDC100ACE258 /* Release */ = {
			isa = XCBuildConfiguration;
			buildSettings = {
				ALWAYS_SEARCH_USER_PATHS = NO;
				CLANG_ANALYZER_NONNULL = YES;
				CLANG_ANALYZER_NUMBER_OBJECT_CONVERSION = YES_AGGRESSIVE;
				CLANG_CXX_LANGUAGE_STANDARD = "gnu++20";
				CLANG_ENABLE_MODULES = YES;
				CLANG_ENABLE_OBJC_ARC = YES;
				CLANG_ENABLE_OBJC_WEAK = YES;
				CLANG_WARN_BLOCK_CAPTURE_AUTORELEASING = YES;
				CLANG_WARN_BOOL_CONVERSION = YES;
				CLANG_WARN_COMMA = YES;
				CLANG_WARN_CONSTANT_CONVERSION = YES;
				CLANG_WARN_DEPRECATED_OBJC_IMPLEMENTATIONS = YES;
				CLANG_WARN_DIRECT_OBJC_ISA_USAGE = YES_ERROR;
				CLANG_WARN_DOCUMENTATION_COMMENTS = YES;
				CLANG_WARN_EMPTY_BODY = YES;
				CLANG_WARN_ENUM_CONVERSION = YES;
				CLANG_WARN_INFINITE_RECURSION = YES;
				CLANG_WARN_INT_CONVERSION = YES;
				CLANG_WARN_NON_LITERAL_NULL_CONVERSION = YES;
				CLANG_WARN_OBJC_IMPLICIT_RETAIN_SELF = YES;
				CLANG_WARN_OBJC_LITERAL_CONVERSION = YES;
				CLANG_WARN_OBJC_ROOT_CLASS = YES_ERROR;
				CLANG_WARN_QUOTED_INCLUDE_IN_FRAMEWORK_HEADER = YES;
				CLANG_WARN_RANGE_LOOP_ANALYSIS = YES;
				CLANG_WARN_STRICT_PROTOTYPES = YES;
				CLANG_WARN_SUSPICIOUS_MOVE = YES;
				CLANG_WARN_UNGUARDED_AVAILABILITY = YES_AGGRESSIVE;
				CLANG_WARN_UNREACHABLE_CODE = YES;
				CLANG_WARN__DUPLICATE_METHOD_MATCH = YES;
				COPY_PHASE_STRIP = NO;
				DEBUG_INFORMATION_FORMAT = "dwarf-with-dsym";
				ENABLE_NS_ASSERTIONS = NO;
				ENABLE_STRICT_OBJC_MSGSEND = YES;
				GCC_C_LANGUAGE_STANDARD = gnu11;
				GCC_NO_COMMON_BLOCKS = YES;
				GCC_WARN_64_TO_32_BIT_CONVERSION = YES;
				GCC_WARN_ABOUT_RETURN_TYPE = YES_ERROR;
				GCC_WARN_UNDECLARED_SELECTOR = YES;
				GCC_WARN_UNINITIALIZED_AUTOS = YES_AGGRESSIVE;
				GCC_WARN_UNUSED_FUNCTION = YES;
				GCC_WARN_UNUSED_VARIABLE = YES;
				MTL_ENABLE_DEBUG_INFO = NO;
				MTL_FAST_MATH = YES;
				SWIFT_COMPILATION_MODE = wholemodule;
				SWIFT_OPTIMIZATION_LEVEL = "-O";
			};
			name = Release;
		};
		5110BB2A29FFFDC100ACE258 /* Debug */ = {
			isa = XCBuildConfiguration;
			buildSettings = {
				ASSETCATALOG_COMPILER_APPICON_NAME = AppIcon;
				ASSETCATALOG_COMPILER_GLOBAL_ACCENT_COLOR_NAME = AccentColor;
				CODE_SIGN_ENTITLEMENTS = NW/NW.entitlements;
				CODE_SIGN_STYLE = Automatic;
				CURRENT_PROJECT_VERSION = 1;
				DEVELOPMENT_ASSET_PATHS = "\"NW/Preview Content\"";
				DEVELOPMENT_TEAM = 45P6JS6683;
				ENABLE_HARDENED_RUNTIME = YES;
				ENABLE_PREVIEWS = YES;
				GENERATE_INFOPLIST_FILE = YES;
				"INFOPLIST_KEY_UIApplicationSceneManifest_Generation[sdk=iphoneos*]" = YES;
				"INFOPLIST_KEY_UIApplicationSceneManifest_Generation[sdk=iphonesimulator*]" = YES;
				"INFOPLIST_KEY_UIApplicationSupportsIndirectInputEvents[sdk=iphoneos*]" = YES;
				"INFOPLIST_KEY_UIApplicationSupportsIndirectInputEvents[sdk=iphonesimulator*]" = YES;
				"INFOPLIST_KEY_UILaunchScreen_Generation[sdk=iphoneos*]" = YES;
				"INFOPLIST_KEY_UILaunchScreen_Generation[sdk=iphonesimulator*]" = YES;
				"INFOPLIST_KEY_UIStatusBarStyle[sdk=iphoneos*]" = UIStatusBarStyleDefault;
				"INFOPLIST_KEY_UIStatusBarStyle[sdk=iphonesimulator*]" = UIStatusBarStyleDefault;
				INFOPLIST_KEY_UISupportedInterfaceOrientations_iPad = "UIInterfaceOrientationPortrait UIInterfaceOrientationPortraitUpsideDown UIInterfaceOrientationLandscapeLeft UIInterfaceOrientationLandscapeRight";
				INFOPLIST_KEY_UISupportedInterfaceOrientations_iPhone = "UIInterfaceOrientationPortrait UIInterfaceOrientationLandscapeLeft UIInterfaceOrientationLandscapeRight";
				IPHONEOS_DEPLOYMENT_TARGET = 16.4;
				LD_RUNPATH_SEARCH_PATHS = "@executable_path/Frameworks";
				"LD_RUNPATH_SEARCH_PATHS[sdk=macosx*]" = "@executable_path/../Frameworks";
				MACOSX_DEPLOYMENT_TARGET = 13.3;
				MARKETING_VERSION = 1.0;
				PRODUCT_BUNDLE_IDENTIFIER = lucadalmas.NW;
				PRODUCT_NAME = "$(TARGET_NAME)";
				SDKROOT = auto;
				SUPPORTED_PLATFORMS = "iphoneos iphonesimulator macosx";
				SWIFT_EMIT_LOC_STRINGS = YES;
				SWIFT_VERSION = 5.0;
				TARGETED_DEVICE_FAMILY = "1,2";
			};
			name = Debug;
		};
		5110BB2B29FFFDC100ACE258 /* Release */ = {
			isa = XCBuildConfiguration;
			buildSettings = {
				ASSETCATALOG_COMPILER_APPICON_NAME = AppIcon;
				ASSETCATALOG_COMPILER_GLOBAL_ACCENT_COLOR_NAME = AccentColor;
				CODE_SIGN_ENTITLEMENTS = NW/NW.entitlements;
				CODE_SIGN_STYLE = Automatic;
				CURRENT_PROJECT_VERSION = 1;
				DEVELOPMENT_ASSET_PATHS = "\"NW/Preview Content\"";
				DEVELOPMENT_TEAM = 45P6JS6683;
				ENABLE_HARDENED_RUNTIME = YES;
				ENABLE_PREVIEWS = YES;
				GENERATE_INFOPLIST_FILE = YES;
				"INFOPLIST_KEY_UIApplicationSceneManifest_Generation[sdk=iphoneos*]" = YES;
				"INFOPLIST_KEY_UIApplicationSceneManifest_Generation[sdk=iphonesimulator*]" = YES;
				"INFOPLIST_KEY_UIApplicationSupportsIndirectInputEvents[sdk=iphoneos*]" = YES;
				"INFOPLIST_KEY_UIApplicationSupportsIndirectInputEvents[sdk=iphonesimulator*]" = YES;
				"INFOPLIST_KEY_UILaunchScreen_Generation[sdk=iphoneos*]" = YES;
				"INFOPLIST_KEY_UILaunchScreen_Generation[sdk=iphonesimulator*]" = YES;
				"INFOPLIST_KEY_UIStatusBarStyle[sdk=iphoneos*]" = UIStatusBarStyleDefault;
				"INFOPLIST_KEY_UIStatusBarStyle[sdk=iphonesimulator*]" = UIStatusBarStyleDefault;
				INFOPLIST_KEY_UISupportedInterfaceOrientations_iPad = "UIInterfaceOrientationPortrait UIInterfaceOrientationPortraitUpsideDown UIInterfaceOrientationLandscapeLeft UIInterfaceOrientationLandscapeRight";
				INFOPLIST_KEY_UISupportedInterfaceOrientations_iPhone = "UIInterfaceOrientationPortrait UIInterfaceOrientationLandscapeLeft UIInterfaceOrientationLandscapeRight";
				IPHONEOS_DEPLOYMENT_TARGET = 16.4;
				LD_RUNPATH_SEARCH_PATHS = "@executable_path/Frameworks";
				"LD_RUNPATH_SEARCH_PATHS[sdk=macosx*]" = "@executable_path/../Frameworks";
				MACOSX_DEPLOYMENT_TARGET = 13.3;
				MARKETING_VERSION = 1.0;
				PRODUCT_BUNDLE_IDENTIFIER = lucadalmas.NW;
				PRODUCT_NAME = "$(TARGET_NAME)";
				SDKROOT = auto;
				SUPPORTED_PLATFORMS = "iphoneos iphonesimulator macosx";
				SWIFT_EMIT_LOC_STRINGS = YES;
				SWIFT_VERSION = 5.0;
				TARGETED_DEVICE_FAMILY = "1,2";
			};
			name = Release;
		};
		5110BB2D29FFFDC100ACE258 /* Debug */ = {
			isa = XCBuildConfiguration;
			buildSettings = {
				ALWAYS_EMBED_SWIFT_STANDARD_LIBRARIES = YES;
				BUNDLE_LOADER = "$(TEST_HOST)";
				CODE_SIGN_STYLE = Automatic;
				CURRENT_PROJECT_VERSION = 1;
				DEVELOPMENT_TEAM = 45P6JS6683;
				GENERATE_INFOPLIST_FILE = YES;
				IPHONEOS_DEPLOYMENT_TARGET = 16.4;
				MACOSX_DEPLOYMENT_TARGET = 13.3;
				MARKETING_VERSION = 1.0;
				PRODUCT_BUNDLE_IDENTIFIER = lucadalmas.NWTests;
				PRODUCT_NAME = "$(TARGET_NAME)";
				SDKROOT = auto;
				SUPPORTED_PLATFORMS = "iphoneos iphonesimulator macosx";
				SWIFT_EMIT_LOC_STRINGS = NO;
				SWIFT_VERSION = 5.0;
				TARGETED_DEVICE_FAMILY = "1,2";
				TEST_HOST = "$(BUILT_PRODUCTS_DIR)/NW.app/$(BUNDLE_EXECUTABLE_FOLDER_PATH)/NW";
			};
			name = Debug;
		};
		5110BB2E29FFFDC100ACE258 /* Release */ = {
			isa = XCBuildConfiguration;
			buildSettings = {
				ALWAYS_EMBED_SWIFT_STANDARD_LIBRARIES = YES;
				BUNDLE_LOADER = "$(TEST_HOST)";
				CODE_SIGN_STYLE = Automatic;
				CURRENT_PROJECT_VERSION = 1;
				DEVELOPMENT_TEAM = 45P6JS6683;
				GENERATE_INFOPLIST_FILE = YES;
				IPHONEOS_DEPLOYMENT_TARGET = 16.4;
				MACOSX_DEPLOYMENT_TARGET = 13.3;
				MARKETING_VERSION = 1.0;
				PRODUCT_BUNDLE_IDENTIFIER = lucadalmas.NWTests;
				PRODUCT_NAME = "$(TARGET_NAME)";
				SDKROOT = auto;
				SUPPORTED_PLATFORMS = "iphoneos iphonesimulator macosx";
				SWIFT_EMIT_LOC_STRINGS = NO;
				SWIFT_VERSION = 5.0;
				TARGETED_DEVICE_FAMILY = "1,2";
				TEST_HOST = "$(BUILT_PRODUCTS_DIR)/NW.app/$(BUNDLE_EXECUTABLE_FOLDER_PATH)/NW";
			};
			name = Release;
		};
		5110BB3029FFFDC100ACE258 /* Debug */ = {
			isa = XCBuildConfiguration;
			buildSettings = {
				ALWAYS_EMBED_SWIFT_STANDARD_LIBRARIES = YES;
				CODE_SIGN_STYLE = Automatic;
				CURRENT_PROJECT_VERSION = 1;
				DEVELOPMENT_TEAM = 45P6JS6683;
				GENERATE_INFOPLIST_FILE = YES;
				IPHONEOS_DEPLOYMENT_TARGET = 16.4;
				MACOSX_DEPLOYMENT_TARGET = 13.3;
				MARKETING_VERSION = 1.0;
				PRODUCT_BUNDLE_IDENTIFIER = lucadalmas.NWUITests;
				PRODUCT_NAME = "$(TARGET_NAME)";
				SDKROOT = auto;
				SUPPORTED_PLATFORMS = "iphoneos iphonesimulator macosx";
				SWIFT_EMIT_LOC_STRINGS = NO;
				SWIFT_VERSION = 5.0;
				TARGETED_DEVICE_FAMILY = "1,2";
				TEST_TARGET_NAME = NW;
			};
			name = Debug;
		};
		5110BB3129FFFDC100ACE258 /* Release */ = {
			isa = XCBuildConfiguration;
			buildSettings = {
				ALWAYS_EMBED_SWIFT_STANDARD_LIBRARIES = YES;
				CODE_SIGN_STYLE = Automatic;
				CURRENT_PROJECT_VERSION = 1;
				DEVELOPMENT_TEAM = 45P6JS6683;
				GENERATE_INFOPLIST_FILE = YES;
				IPHONEOS_DEPLOYMENT_TARGET = 16.4;
				MACOSX_DEPLOYMENT_TARGET = 13.3;
				MARKETING_VERSION = 1.0;
				PRODUCT_BUNDLE_IDENTIFIER = lucadalmas.NWUITests;
				PRODUCT_NAME = "$(TARGET_NAME)";
				SDKROOT = auto;
				SUPPORTED_PLATFORMS = "iphoneos iphonesimulator macosx";
				SWIFT_EMIT_LOC_STRINGS = NO;
				SWIFT_VERSION = 5.0;
				TARGETED_DEVICE_FAMILY = "1,2";
				TEST_TARGET_NAME = NW;
			};
			name = Release;
		};
/* End XCBuildConfiguration section */

/* Begin XCConfigurationList section */
		5110BAFF29FFFDBF00ACE258 /* Build configuration list for PBXProject "NW" */ = {
			isa = XCConfigurationList;
			buildConfigurations = (
				5110BB2729FFFDC100ACE258 /* Debug */,
				5110BB2829FFFDC100ACE258 /* Release */,
			);
			defaultConfigurationIsVisible = 0;
			defaultConfigurationName = Release;
		};
		5110BB2929FFFDC100ACE258 /* Build configuration list for PBXNativeTarget "NW" */ = {
			isa = XCConfigurationList;
			buildConfigurations = (
				5110BB2A29FFFDC100ACE258 /* Debug */,
				5110BB2B29FFFDC100ACE258 /* Release */,
			);
			defaultConfigurationIsVisible = 0;
			defaultConfigurationName = Release;
		};
		5110BB2C29FFFDC100ACE258 /* Build configuration list for PBXNativeTarget "NWTests" */ = {
			isa = XCConfigurationList;
			buildConfigurations = (
				5110BB2D29FFFDC100ACE258 /* Debug */,
				5110BB2E29FFFDC100ACE258 /* Release */,
			);
			defaultConfigurationIsVisible = 0;
			defaultConfigurationName = Release;
		};
		5110BB2F29FFFDC100ACE258 /* Build configuration list for PBXNativeTarget "NWUITests" */ = {
			isa = XCConfigurationList;
			buildConfigurations = (
				5110BB3029FFFDC100ACE258 /* Debug */,
				5110BB3129FFFDC100ACE258 /* Release */,
			);
			defaultConfigurationIsVisible = 0;
			defaultConfigurationName = Release;
		};
/* End XCConfigurationList section */
	};
	rootObject = 5110BAFC29FFFDBF00ACE258 /* Project object */;
}
